// !$*UTF8*$!
{
	archiveVersion = 1;
	classes = {
	};
	objectVersion = 56;
	objects = {

/* Begin PBXBuildFile section */
		9888905F2A31D4380082E75A /* HomeView.swift in Sources */ = {isa = PBXBuildFile; fileRef = 9888905E2A31D4380082E75A /* HomeView.swift */; };
		988890612A31EC010082E75A /* KeychainService.swift in Sources */ = {isa = PBXBuildFile; fileRef = 988890602A31EC010082E75A /* KeychainService.swift */; };
		988890642A32038B0082E75A /* JWTDecode in Frameworks */ = {isa = PBXBuildFile; productRef = 988890632A32038B0082E75A /* JWTDecode */; };
		98AEFA402A30EB4C00210B0F /* AuthSystemUIApp.swift in Sources */ = {isa = PBXBuildFile; fileRef = 98AEFA3F2A30EB4C00210B0F /* AuthSystemUIApp.swift */; };
		98AEFA422A30EB4C00210B0F /* ContentView.swift in Sources */ = {isa = PBXBuildFile; fileRef = 98AEFA412A30EB4C00210B0F /* ContentView.swift */; };
		98AEFA442A30EB4D00210B0F /* Assets.xcassets in Resources */ = {isa = PBXBuildFile; fileRef = 98AEFA432A30EB4D00210B0F /* Assets.xcassets */; };
		98AEFA472A30EB4D00210B0F /* Preview Assets.xcassets in Resources */ = {isa = PBXBuildFile; fileRef = 98AEFA462A30EB4D00210B0F /* Preview Assets.xcassets */; };
		98AEFA4F2A30EBA900210B0F /* LoginView.swift in Sources */ = {isa = PBXBuildFile; fileRef = 98AEFA4E2A30EBA900210B0F /* LoginView.swift */; };
		98AEFA512A30ECB500210B0F /* SignUpView.swift in Sources */ = {isa = PBXBuildFile; fileRef = 98AEFA502A30ECB500210B0F /* SignUpView.swift */; };
		98AEFA532A31027F00210B0F /* LoginPromoView.swift in Sources */ = {isa = PBXBuildFile; fileRef = 98AEFA522A31027F00210B0F /* LoginPromoView.swift */; };
		98AEFA562A31171100210B0F /* APIService.swift in Sources */ = {isa = PBXBuildFile; fileRef = 98AEFA552A31171100210B0F /* APIService.swift */; };
/* End PBXBuildFile section */

/* Begin PBXFileReference section */
		9888905E2A31D4380082E75A /* HomeView.swift */ = {isa = PBXFileReference; lastKnownFileType = sourcecode.swift; path = HomeView.swift; sourceTree = "<group>"; };
		988890602A31EC010082E75A /* KeychainService.swift */ = {isa = PBXFileReference; lastKnownFileType = sourcecode.swift; path = KeychainService.swift; sourceTree = "<group>"; };
		98AEFA3C2A30EB4C00210B0F /* AuthSystemUI.app */ = {isa = PBXFileReference; explicitFileType = wrapper.application; includeInIndex = 0; path = AuthSystemUI.app; sourceTree = BUILT_PRODUCTS_DIR; };
		98AEFA3F2A30EB4C00210B0F /* AuthSystemUIApp.swift */ = {isa = PBXFileReference; lastKnownFileType = sourcecode.swift; path = AuthSystemUIApp.swift; sourceTree = "<group>"; };
		98AEFA412A30EB4C00210B0F /* ContentView.swift */ = {isa = PBXFileReference; lastKnownFileType = sourcecode.swift; path = ContentView.swift; sourceTree = "<group>"; };
		98AEFA432A30EB4D00210B0F /* Assets.xcassets */ = {isa = PBXFileReference; lastKnownFileType = folder.assetcatalog; path = Assets.xcassets; sourceTree = "<group>"; };
		98AEFA462A30EB4D00210B0F /* Preview Assets.xcassets */ = {isa = PBXFileReference; lastKnownFileType = folder.assetcatalog; path = "Preview Assets.xcassets"; sourceTree = "<group>"; };
		98AEFA4E2A30EBA900210B0F /* LoginView.swift */ = {isa = PBXFileReference; lastKnownFileType = sourcecode.swift; path = LoginView.swift; sourceTree = "<group>"; };
		98AEFA502A30ECB500210B0F /* SignUpView.swift */ = {isa = PBXFileReference; lastKnownFileType = sourcecode.swift; path = SignUpView.swift; sourceTree = "<group>"; };
		98AEFA522A31027F00210B0F /* LoginPromoView.swift */ = {isa = PBXFileReference; lastKnownFileType = sourcecode.swift; path = LoginPromoView.swift; sourceTree = "<group>"; };
		98AEFA552A31171100210B0F /* APIService.swift */ = {isa = PBXFileReference; lastKnownFileType = sourcecode.swift; path = APIService.swift; sourceTree = "<group>"; };
/* End PBXFileReference section */

/* Begin PBXFrameworksBuildPhase section */
		98AEFA392A30EB4C00210B0F /* Frameworks */ = {
			isa = PBXFrameworksBuildPhase;
			buildActionMask = 2147483647;
			files = (
				988890642A32038B0082E75A /* JWTDecode in Frameworks */,
			);
			runOnlyForDeploymentPostprocessing = 0;
		};
/* End PBXFrameworksBuildPhase section */

/* Begin PBXGroup section */
		98AEFA332A30EB4C00210B0F = {
			isa = PBXGroup;
			children = (
				98AEFA3E2A30EB4C00210B0F /* AuthSystemUI */,
				98AEFA3D2A30EB4C00210B0F /* Products */,
			);
			sourceTree = "<group>";
		};
		98AEFA3D2A30EB4C00210B0F /* Products */ = {
			isa = PBXGroup;
			children = (
				98AEFA3C2A30EB4C00210B0F /* AuthSystemUI.app */,
			);
			name = Products;
			sourceTree = "<group>";
		};
		98AEFA3E2A30EB4C00210B0F /* AuthSystemUI */ = {
			isa = PBXGroup;
			children = (
				98AEFA542A3116C400210B0F /* Services */,
				98AEFA4D2A30EB8600210B0F /* Views */,
				98AEFA3F2A30EB4C00210B0F /* AuthSystemUIApp.swift */,
				98AEFA412A30EB4C00210B0F /* ContentView.swift */,
				98AEFA432A30EB4D00210B0F /* Assets.xcassets */,
				98AEFA452A30EB4D00210B0F /* Preview Content */,
			);
			path = AuthSystemUI;
			sourceTree = "<group>";
		};
		98AEFA452A30EB4D00210B0F /* Preview Content */ = {
			isa = PBXGroup;
			children = (
				98AEFA462A30EB4D00210B0F /* Preview Assets.xcassets */,
			);
			path = "Preview Content";
			sourceTree = "<group>";
		};
		98AEFA4D2A30EB8600210B0F /* Views */ = {
			isa = PBXGroup;
			children = (
				98AEFA4E2A30EBA900210B0F /* LoginView.swift */,
				98AEFA502A30ECB500210B0F /* SignUpView.swift */,
				98AEFA522A31027F00210B0F /* LoginPromoView.swift */,
				9888905E2A31D4380082E75A /* HomeView.swift */,
			);
			path = Views;
			sourceTree = "<group>";
		};
		98AEFA542A3116C400210B0F /* Services */ = {
			isa = PBXGroup;
			children = (
				98AEFA552A31171100210B0F /* APIService.swift */,
				988890602A31EC010082E75A /* KeychainService.swift */,
			);
			path = Services;
			sourceTree = "<group>";
		};
/* End PBXGroup section */

/* Begin PBXNativeTarget section */
		98AEFA3B2A30EB4C00210B0F /* AuthSystemUI */ = {
			isa = PBXNativeTarget;
			buildConfigurationList = 98AEFA4A2A30EB4D00210B0F /* Build configuration list for PBXNativeTarget "AuthSystemUI" */;
			buildPhases = (
				98AEFA382A30EB4C00210B0F /* Sources */,
				98AEFA392A30EB4C00210B0F /* Frameworks */,
				98AEFA3A2A30EB4C00210B0F /* Resources */,
			);
			buildRules = (
			);
			dependencies = (
			);
			name = AuthSystemUI;
			packageProductDependencies = (
				988890632A32038B0082E75A /* JWTDecode */,
			);
			productName = AuthSystemUI;
			productReference = 98AEFA3C2A30EB4C00210B0F /* AuthSystemUI.app */;
			productType = "com.apple.product-type.application";
		};
/* End PBXNativeTarget section */

/* Begin PBXProject section */
		98AEFA342A30EB4C00210B0F /* Project object */ = {
			isa = PBXProject;
			attributes = {
				BuildIndependentTargetsInParallel = 1;
				LastSwiftUpdateCheck = 1430;
				LastUpgradeCheck = 1430;
				TargetAttributes = {
					98AEFA3B2A30EB4C00210B0F = {
						CreatedOnToolsVersion = 14.3.1;
					};
				};
			};
			buildConfigurationList = 98AEFA372A30EB4C00210B0F /* Build configuration list for PBXProject "AuthSystemUI" */;
			compatibilityVersion = "Xcode 14.0";
			developmentRegion = en;
			hasScannedForEncodings = 0;
			knownRegions = (
				en,
				Base,
			);
			mainGroup = 98AEFA332A30EB4C00210B0F;
			packageReferences = (
				988890622A32038B0082E75A /* XCRemoteSwiftPackageReference "JWTDecode.swift" */,
			);
			productRefGroup = 98AEFA3D2A30EB4C00210B0F /* Products */;
			projectDirPath = "";
			projectRoot = "";
			targets = (
				98AEFA3B2A30EB4C00210B0F /* AuthSystemUI */,
			);
		};
/* End PBXProject section */

/* Begin PBXResourcesBuildPhase section */
		98AEFA3A2A30EB4C00210B0F /* Resources */ = {
			isa = PBXResourcesBuildPhase;
			buildActionMask = 2147483647;
			files = (
				98AEFA472A30EB4D00210B0F /* Preview Assets.xcassets in Resources */,
				98AEFA442A30EB4D00210B0F /* Assets.xcassets in Resources */,
			);
			runOnlyForDeploymentPostprocessing = 0;
		};
/* End PBXResourcesBuildPhase section */

/* Begin PBXSourcesBuildPhase section */
		98AEFA382A30EB4C00210B0F /* Sources */ = {
			isa = PBXSourcesBuildPhase;
			buildActionMask = 2147483647;
			files = (
				98AEFA512A30ECB500210B0F /* SignUpView.swift in Sources */,
				9888905F2A31D4380082E75A /* HomeView.swift in Sources */,
				98AEFA4F2A30EBA900210B0F /* LoginView.swift in Sources */,
				98AEFA422A30EB4C00210B0F /* ContentView.swift in Sources */,
				98AEFA532A31027F00210B0F /* LoginPromoView.swift in Sources */,
				988890612A31EC010082E75A /* KeychainService.swift in Sources */,
				98AEFA562A31171100210B0F /* APIService.swift in Sources */,
				98AEFA402A30EB4C00210B0F /* AuthSystemUIApp.swift in Sources */,
			);
			runOnlyForDeploymentPostprocessing = 0;
		};
/* End PBXSourcesBuildPhase section */

/* Begin XCBuildConfiguration section */
		98AEFA482A30EB4D00210B0F /* Debug */ = {
			isa = XCBuildConfiguration;
			buildSettings = {
				ALWAYS_SEARCH_USER_PATHS = NO;
				CLANG_ANALYZER_NONNULL = YES;
				CLANG_ANALYZER_NUMBER_OBJECT_CONVERSION = YES_AGGRESSIVE;
				CLANG_CXX_LANGUAGE_STANDARD = "gnu++20";
				CLANG_ENABLE_MODULES = YES;
				CLANG_ENABLE_OBJC_ARC = YES;
				CLANG_ENABLE_OBJC_WEAK = YES;
				CLANG_WARN_BLOCK_CAPTURE_AUTORELEASING = YES;
				CLANG_WARN_BOOL_CONVERSION = YES;
				CLANG_WARN_COMMA = YES;
				CLANG_WARN_CONSTANT_CONVERSION = YES;
				CLANG_WARN_DEPRECATED_OBJC_IMPLEMENTATIONS = YES;
				CLANG_WARN_DIRECT_OBJC_ISA_USAGE = YES_ERROR;
				CLANG_WARN_DOCUMENTATION_COMMENTS = YES;
				CLANG_WARN_EMPTY_BODY = YES;
				CLANG_WARN_ENUM_CONVERSION = YES;
				CLANG_WARN_INFINITE_RECURSION = YES;
				CLANG_WARN_INT_CONVERSION = YES;
				CLANG_WARN_NON_LITERAL_NULL_CONVERSION = YES;
				CLANG_WARN_OBJC_IMPLICIT_RETAIN_SELF = YES;
				CLANG_WARN_OBJC_LITERAL_CONVERSION = YES;
				CLANG_WARN_OBJC_ROOT_CLASS = YES_ERROR;
				CLANG_WARN_QUOTED_INCLUDE_IN_FRAMEWORK_HEADER = YES;
				CLANG_WARN_RANGE_LOOP_ANALYSIS = YES;
				CLANG_WARN_STRICT_PROTOTYPES = YES;
				CLANG_WARN_SUSPICIOUS_MOVE = YES;
				CLANG_WARN_UNGUARDED_AVAILABILITY = YES_AGGRESSIVE;
				CLANG_WARN_UNREACHABLE_CODE = YES;
				CLANG_WARN__DUPLICATE_METHOD_MATCH = YES;
				COPY_PHASE_STRIP = NO;
				DEBUG_INFORMATION_FORMAT = dwarf;
				ENABLE_STRICT_OBJC_MSGSEND = YES;
				ENABLE_TESTABILITY = YES;
				GCC_C_LANGUAGE_STANDARD = gnu11;
				GCC_DYNAMIC_NO_PIC = NO;
				GCC_NO_COMMON_BLOCKS = YES;
				GCC_OPTIMIZATION_LEVEL = 0;
				GCC_PREPROCESSOR_DEFINITIONS = (
					"DEBUG=1",
					"$(inherited)",
				);
				GCC_WARN_64_TO_32_BIT_CONVERSION = YES;
				GCC_WARN_ABOUT_RETURN_TYPE = YES_ERROR;
				GCC_WARN_UNDECLARED_SELECTOR = YES;
				GCC_WARN_UNINITIALIZED_AUTOS = YES_AGGRESSIVE;
				GCC_WARN_UNUSED_FUNCTION = YES;
				GCC_WARN_UNUSED_VARIABLE = YES;
				IPHONEOS_DEPLOYMENT_TARGET = 16.4;
				MTL_ENABLE_DEBUG_INFO = INCLUDE_SOURCE;
				MTL_FAST_MATH = YES;
				ONLY_ACTIVE_ARCH = YES;
				SDKROOT = iphoneos;
				SWIFT_ACTIVE_COMPILATION_CONDITIONS = DEBUG;
				SWIFT_OPTIMIZATION_LEVEL = "-Onone";
			};
			name = Debug;
		};
		98AEFA492A30EB4D00210B0F /* Release */ = {
			isa = XCBuildConfiguration;
			buildSettings = {
				ALWAYS_SEARCH_USER_PATHS = NO;
				CLANG_ANALYZER_NONNULL = YES;
				CLANG_ANALYZER_NUMBER_OBJECT_CONVERSION = YES_AGGRESSIVE;
				CLANG_CXX_LANGUAGE_STANDARD = "gnu++20";
				CLANG_ENABLE_MODULES = YES;
				CLANG_ENABLE_OBJC_ARC = YES;
				CLANG_ENABLE_OBJC_WEAK = YES;
				CLANG_WARN_BLOCK_CAPTURE_AUTORELEASING = YES;
				CLANG_WARN_BOOL_CONVERSION = YES;
				CLANG_WARN_COMMA = YES;
				CLANG_WARN_CONSTANT_CONVERSION = YES;
				CLANG_WARN_DEPRECATED_OBJC_IMPLEMENTATIONS = YES;
				CLANG_WARN_DIRECT_OBJC_ISA_USAGE = YES_ERROR;
				CLANG_WARN_DOCUMENTATION_COMMENTS = YES;
				CLANG_WARN_EMPTY_BODY = YES;
				CLANG_WARN_ENUM_CONVERSION = YES;
				CLANG_WARN_INFINITE_RECURSION = YES;
				CLANG_WARN_INT_CONVERSION = YES;
				CLANG_WARN_NON_LITERAL_NULL_CONVERSION = YES;
				CLANG_WARN_OBJC_IMPLICIT_RETAIN_SELF = YES;
				CLANG_WARN_OBJC_LITERAL_CONVERSION = YES;
				CLANG_WARN_OBJC_ROOT_CLASS = YES_ERROR;
				CLANG_WARN_QUOTED_INCLUDE_IN_FRAMEWORK_HEADER = YES;
				CLANG_WARN_RANGE_LOOP_ANALYSIS = YES;
				CLANG_WARN_STRICT_PROTOTYPES = YES;
				CLANG_WARN_SUSPICIOUS_MOVE = YES;
				CLANG_WARN_UNGUARDED_AVAILABILITY = YES_AGGRESSIVE;
				CLANG_WARN_UNREACHABLE_CODE = YES;
				CLANG_WARN__DUPLICATE_METHOD_MATCH = YES;
				COPY_PHASE_STRIP = NO;
				DEBUG_INFORMATION_FORMAT = "dwarf-with-dsym";
				ENABLE_NS_ASSERTIONS = NO;
				ENABLE_STRICT_OBJC_MSGSEND = YES;
				GCC_C_LANGUAGE_STANDARD = gnu11;
				GCC_NO_COMMON_BLOCKS = YES;
				GCC_WARN_64_TO_32_BIT_CONVERSION = YES;
				GCC_WARN_ABOUT_RETURN_TYPE = YES_ERROR;
				GCC_WARN_UNDECLARED_SELECTOR = YES;
				GCC_WARN_UNINITIALIZED_AUTOS = YES_AGGRESSIVE;
				GCC_WARN_UNUSED_FUNCTION = YES;
				GCC_WARN_UNUSED_VARIABLE = YES;
				IPHONEOS_DEPLOYMENT_TARGET = 16.4;
				MTL_ENABLE_DEBUG_INFO = NO;
				MTL_FAST_MATH = YES;
				SDKROOT = iphoneos;
				SWIFT_COMPILATION_MODE = wholemodule;
				SWIFT_OPTIMIZATION_LEVEL = "-O";
				VALIDATE_PRODUCT = YES;
			};
			name = Release;
		};
		98AEFA4B2A30EB4D00210B0F /* Debug */ = {
			isa = XCBuildConfiguration;
			buildSettings = {
				ASSETCATALOG_COMPILER_APPICON_NAME = AppIcon;
				ASSETCATALOG_COMPILER_GLOBAL_ACCENT_COLOR_NAME = AccentColor;
				CODE_SIGN_STYLE = Automatic;
				CURRENT_PROJECT_VERSION = 1;
				DEVELOPMENT_ASSET_PATHS = "\"AuthSystemUI/Preview Content\"";
				DEVELOPMENT_TEAM = 6K3N9379CW;
				ENABLE_PREVIEWS = YES;
				GENERATE_INFOPLIST_FILE = YES;
				INFOPLIST_KEY_UIApplicationSceneManifest_Generation = YES;
				INFOPLIST_KEY_UIApplicationSupportsIndirectInputEvents = YES;
				INFOPLIST_KEY_UILaunchScreen_Generation = YES;
				INFOPLIST_KEY_UISupportedInterfaceOrientations_iPad = "UIInterfaceOrientationPortrait UIInterfaceOrientationPortraitUpsideDown UIInterfaceOrientationLandscapeLeft UIInterfaceOrientationLandscapeRight";
				INFOPLIST_KEY_UISupportedInterfaceOrientations_iPhone = "UIInterfaceOrientationPortrait UIInterfaceOrientationLandscapeLeft UIInterfaceOrientationLandscapeRight";
				LD_RUNPATH_SEARCH_PATHS = (
					"$(inherited)",
					"@executable_path/Frameworks",
				);
				MARKETING_VERSION = 1.0;
				PRODUCT_BUNDLE_IDENTIFIER = com.MarekGerszendorf.AuthSystemUI;
				PRODUCT_NAME = "$(TARGET_NAME)";
				SWIFT_EMIT_LOC_STRINGS = YES;
				SWIFT_VERSION = 5.0;
				TARGETED_DEVICE_FAMILY = "1,2";
			};
			name = Debug;
		};
		98AEFA4C2A30EB4D00210B0F /* Release */ = {
			isa = XCBuildConfiguration;
			buildSettings = {
				ASSETCATALOG_COMPILER_APPICON_NAME = AppIcon;
				ASSETCATALOG_COMPILER_GLOBAL_ACCENT_COLOR_NAME = AccentColor;
				CODE_SIGN_STYLE = Automatic;
				CURRENT_PROJECT_VERSION = 1;
				DEVELOPMENT_ASSET_PATHS = "\"AuthSystemUI/Preview Content\"";
				DEVELOPMENT_TEAM = 6K3N9379CW;
				ENABLE_PREVIEWS = YES;
				GENERATE_INFOPLIST_FILE = YES;
				INFOPLIST_KEY_UIApplicationSceneManifest_Generation = YES;
				INFOPLIST_KEY_UIApplicationSupportsIndirectInputEvents = YES;
				INFOPLIST_KEY_UILaunchScreen_Generation = YES;
				INFOPLIST_KEY_UISupportedInterfaceOrientations_iPad = "UIInterfaceOrientationPortrait UIInterfaceOrientationPortraitUpsideDown UIInterfaceOrientationLandscapeLeft UIInterfaceOrientationLandscapeRight";
				INFOPLIST_KEY_UISupportedInterfaceOrientations_iPhone = "UIInterfaceOrientationPortrait UIInterfaceOrientationLandscapeLeft UIInterfaceOrientationLandscapeRight";
				LD_RUNPATH_SEARCH_PATHS = (
					"$(inherited)",
					"@executable_path/Frameworks",
				);
				MARKETING_VERSION = 1.0;
				PRODUCT_BUNDLE_IDENTIFIER = com.MarekGerszendorf.AuthSystemUI;
				PRODUCT_NAME = "$(TARGET_NAME)";
				SWIFT_EMIT_LOC_STRINGS = YES;
				SWIFT_VERSION = 5.0;
				TARGETED_DEVICE_FAMILY = "1,2";
			};
			name = Release;
		};
/* End XCBuildConfiguration section */

/* Begin XCConfigurationList section */
		98AEFA372A30EB4C00210B0F /* Build configuration list for PBXProject "AuthSystemUI" */ = {
			isa = XCConfigurationList;
			buildConfigurations = (
				98AEFA482A30EB4D00210B0F /* Debug */,
				98AEFA492A30EB4D00210B0F /* Release */,
			);
			defaultConfigurationIsVisible = 0;
			defaultConfigurationName = Release;
		};
		98AEFA4A2A30EB4D00210B0F /* Build configuration list for PBXNativeTarget "AuthSystemUI" */ = {
			isa = XCConfigurationList;
			buildConfigurations = (
				98AEFA4B2A30EB4D00210B0F /* Debug */,
				98AEFA4C2A30EB4D00210B0F /* Release */,
			);
			defaultConfigurationIsVisible = 0;
			defaultConfigurationName = Release;
		};
/* End XCConfigurationList section */

/* Begin XCRemoteSwiftPackageReference section */
		988890622A32038B0082E75A /* XCRemoteSwiftPackageReference "JWTDecode.swift" */ = {
			isa = XCRemoteSwiftPackageReference;
			repositoryURL = "https://github.com/auth0/JWTDecode.swift.git";
			requirement = {
				kind = upToNextMajorVersion;
				minimumVersion = 3.0.0;
			};
		};
/* End XCRemoteSwiftPackageReference section */

/* Begin XCSwiftPackageProductDependency section */
		988890632A32038B0082E75A /* JWTDecode */ = {
			isa = XCSwiftPackageProductDependency;
			package = 988890622A32038B0082E75A /* XCRemoteSwiftPackageReference "JWTDecode.swift" */;
			productName = JWTDecode;
		};
/* End XCSwiftPackageProductDependency section */
	};
	rootObject = 98AEFA342A30EB4C00210B0F /* Project object */;
}
